
Microsoft Visual Studio Solution File, Format Version 12.00
# Visual Studio 14
VisualStudioVersion = 14.0.25420.1
MinimumVisualStudioVersion = 10.0.40219.1
Project("{FAE04EC0-301F-11D3-BF4B-00C04F79EFBC}") = "dockpanel应用", "dockpanel应用\dockpanel应用.csproj", "{A60FCE86-D370-4414-9FF4-F4F7B7C1A98F}"
EndProject
Global
	GlobalSection(SolutionConfigurationPlatforms) = preSolution
		Debug|Any CPU = Debug|Any CPU
		Release|Any CPU = Release|Any CPU
	EndGlobalSection
	GlobalSection(ProjectConfigurationPlatforms) = postSolution
		{A60FCE86-D370-4414-9FF4-F4F7B7C1A98F}.Debug|Any CPU.ActiveCfg = Debug|Any CPU
		{A60FCE86-D370-4414-9FF4-F4F7B7C1A98F}.Debug|Any CPU.Build.0 = Debug|Any CPU
		{A60FCE86-D370-4414-9FF4-F4F7B7C1A98F}.Release|Any CPU.ActiveCfg = Release|Any CPU
		{A60FCE86-D370-4414-9FF4-F4F7B7C1A98F}.Release|Any CPU.Build.0 = Release|Any CPU
	EndGlobalSection
	GlobalSection(SolutionProperties) = preSolution
		HideSolutionNode = FALSE
	EndGlobalSection
EndGlobal
